
Microsoft Visual Studio Solution File, Format Version 12.00
# Visual Studio Version 17
VisualStudioVersion = 17.4.33213.308
MinimumVisualStudioVersion = 10.0.40219.1
Project("{FAE04EC0-301F-11D3-BF4B-00C04F79EFBC}") = "TechTreeMVCWebApp", "TechTreeMVCWebApp\TechTreeMVCWebApp.csproj", "{677F2C2B-C571-451C-8525-CBADB7682276}"
EndProject
Global
	GlobalSection(SolutionConfigurationPlatforms) = preSolution
		Debug|Any CPU = Debug|Any CPU
		Release|Any CPU = Release|Any CPU
	EndGlobalSection
	GlobalSection(ProjectConfigurationPlatforms) = postSolution
		{677F2C2B-C571-451C-8525-CBADB7682276}.Debug|Any CPU.ActiveCfg = Debug|Any CPU
		{677F2C2B-C571-451C-8525-CBADB7682276}.Debug|Any CPU.Build.0 = Debug|Any CPU
		{677F2C2B-C571-451C-8525-CBADB7682276}.Release|Any CPU.ActiveCfg = Release|Any CPU
		{677F2C2B-C571-451C-8525-CBADB7682276}.Release|Any CPU.Build.0 = Release|Any CPU
	EndGlobalSection
	GlobalSection(SolutionProperties) = preSolution
		HideSolutionNode = FALSE
	EndGlobalSection
	GlobalSection(ExtensibilityGlobals) = postSolution
		SolutionGuid = {6EBB1A92-FC5C-4BA2-BDCA-33A12E421BAD}
	EndGlobalSection
EndGlobal
